
Microsoft Visual Studio Solution File, Format Version 12.00
# Visual Studio Version 16
VisualStudioVersion = 16.0.31019.35
MinimumVisualStudioVersion = 10.0.40219.1
Project("{FAE04EC0-301F-11D3-BF4B-00C04F79EFBC}") = "FiniteChuteCrabs", "FiniteChuteCrabs.csproj", "{BA4C0864-93BE-4CB1-8F04-4FCC5E76D638}"
EndProject
Project("{9A19103F-16F7-4668-BE54-9A1E7A4F7556}") = "QudDecompiled", "..\QudDecompiled\QudDecompiled.csproj", "{E98885D6-D068-4732-B84E-CE3705AD8EDE}"
EndProject
Global
	GlobalSection(SolutionConfigurationPlatforms) = preSolution
		Debug|Any CPU = Debug|Any CPU
		Release|Any CPU = Release|Any CPU
	EndGlobalSection
	GlobalSection(ProjectConfigurationPlatforms) = postSolution
		{BA4C0864-93BE-4CB1-8F04-4FCC5E76D638}.Debug|Any CPU.ActiveCfg = Debug|Any CPU
		{BA4C0864-93BE-4CB1-8F04-4FCC5E76D638}.Debug|Any CPU.Build.0 = Debug|Any CPU
		{BA4C0864-93BE-4CB1-8F04-4FCC5E76D638}.Release|Any CPU.ActiveCfg = Release|Any CPU
		{BA4C0864-93BE-4CB1-8F04-4FCC5E76D638}.Release|Any CPU.Build.0 = Release|Any CPU
		{E98885D6-D068-4732-B84E-CE3705AD8EDE}.Debug|Any CPU.ActiveCfg = Debug|Any CPU
		{E98885D6-D068-4732-B84E-CE3705AD8EDE}.Debug|Any CPU.Build.0 = Debug|Any CPU
		{E98885D6-D068-4732-B84E-CE3705AD8EDE}.Release|Any CPU.ActiveCfg = Release|Any CPU
		{E98885D6-D068-4732-B84E-CE3705AD8EDE}.Release|Any CPU.Build.0 = Release|Any CPU
	EndGlobalSection
	GlobalSection(SolutionProperties) = preSolution
		HideSolutionNode = FALSE
	EndGlobalSection
	GlobalSection(ExtensibilityGlobals) = postSolution
		SolutionGuid = {ED0E7BB3-37DA-4E6A-9957-8E7DEF70CED4}
	EndGlobalSection
EndGlobal
